lockfileVersion: '6.0'

settings:
  autoInstallPeers: true
  excludeLinksFromLockfile: false

dependencies:
  mineflayer:
    specifier: ^4.10.0
    version: 4.10.0
  tsx:
    specifier: ^3.12.7
    version: 3.12.7

packages:

  /@azure/msal-common@13.2.0:
    resolution: {integrity: sha512-rnstQ7Zgn3fSTKNQO+/YNV34/QXJs0vni7IA0/3QB1EEyrJg14xyRmTqlw9ta+pdSuT5OJwUP8kI3D/rBwUIBw==}
    engines: {node: '>=0.8.0'}
    dev: false

  /@azure/msal-node@1.18.0:
    resolution: {integrity: sha512-N6GX1Twxw524e7gaJvj7hKtrPRmZl9qGY7U4pmUdx4XzoWYRFfYk4H1ZjVhQ7pwb5Ks88NNhbXVCagsuYPTEFg==}
    engines: {node: 10 || 12 || 14 || 16 || 18}
    dependencies:
      '@azure/msal-common': 13.2.0
      jsonwebtoken: 9.0.1
      uuid: 8.3.2
    dev: false

  /@esbuild-kit/cjs-loader@2.4.2:
    resolution: {integrity: sha512-BDXFbYOJzT/NBEtp71cvsrGPwGAMGRB/349rwKuoxNSiKjPraNNnlK6MIIabViCjqZugu6j+xeMDlEkWdHHJSg==}
    dependencies:
      '@esbuild-kit/core-utils': 3.1.0
      get-tsconfig: 4.6.2
    dev: false

  /@esbuild-kit/core-utils@3.1.0:
    resolution: {integrity: sha512-Uuk8RpCg/7fdHSceR1M6XbSZFSuMrxcePFuGgyvsBn+u339dk5OeL4jv2EojwTN2st/unJGsVm4qHWjWNmJ/tw==}
    dependencies:
      esbuild: 0.17.19
      source-map-support: 0.5.21
    dev: false

  /@esbuild-kit/esm-loader@2.5.5:
    resolution: {integrity: sha512-Qwfvj/qoPbClxCRNuac1Du01r9gvNOT+pMYtJDapfB1eoGN1YlJ1BixLyL9WVENRx5RXgNLdfYdx/CuswlGhMw==}
    dependencies:
      '@esbuild-kit/core-utils': 3.1.0
      get-tsconfig: 4.6.2
    dev: false

  /@esbuild/android-arm64@0.17.19:
    resolution: {integrity: sha512-KBMWvEZooR7+kzY0BtbTQn0OAYY7CsiydT63pVEaPtVYF0hXbUaOyZog37DKxK7NF3XacBJOpYT4adIJh+avxA==}
    engines: {node: '>=12'}
    cpu: [arm64]
    os: [android]
    requiresBuild: true
    dev: false
    optional: true

  /@esbuild/android-arm@0.17.19:
    resolution: {integrity: sha512-rIKddzqhmav7MSmoFCmDIb6e2W57geRsM94gV2l38fzhXMwq7hZoClug9USI2pFRGL06f4IOPHHpFNOkWieR8A==}
    engines: {node: '>=12'}
    cpu: [arm]
    os: [android]
    requiresBuild: true
    dev: false
    optional: true

  /@esbuild/android-x64@0.17.19:
    resolution: {integrity: sha512-uUTTc4xGNDT7YSArp/zbtmbhO0uEEK9/ETW29Wk1thYUJBz3IVnvgEiEwEa9IeLyvnpKrWK64Utw2bgUmDveww==}
    engines: {node: '>=12'}
    cpu: [x64]
    os: [android]
    requiresBuild: true
    dev: false
    optional: true

  /@esbuild/darwin-arm64@0.17.19:
    resolution: {integrity: sha512-80wEoCfF/hFKM6WE1FyBHc9SfUblloAWx6FJkFWTWiCoht9Mc0ARGEM47e67W9rI09YoUxJL68WHfDRYEAvOhg==}
    engines: {node: '>=12'}
    cpu: [arm64]
    os: [darwin]
    requiresBuild: true
    dev: false
    optional: true

  /@esbuild/darwin-x64@0.17.19:
    resolution: {integrity: sha512-IJM4JJsLhRYr9xdtLytPLSH9k/oxR3boaUIYiHkAawtwNOXKE8KoU8tMvryogdcT8AU+Bflmh81Xn6Q0vTZbQw==}
    engines: {node: '>=12'}
    cpu: [x64]
    os: [darwin]
    requiresBuild: true
    dev: false
    optional: true

  /@esbuild/freebsd-arm64@0.17.19:
    resolution: {integrity: sha512-pBwbc7DufluUeGdjSU5Si+P3SoMF5DQ/F/UmTSb8HXO80ZEAJmrykPyzo1IfNbAoaqw48YRpv8shwd1NoI0jcQ==}
    engines: {node: '>=12'}
    cpu: [arm64]
    os: [freebsd]
    requiresBuild: true
    dev: false
    optional: true

  /@esbuild/freebsd-x64@0.17.19:
    resolution: {integrity: sha512-4lu+n8Wk0XlajEhbEffdy2xy53dpR06SlzvhGByyg36qJw6Kpfk7cp45DR/62aPH9mtJRmIyrXAS5UWBrJT6TQ==}
    engines: {node: '>=12'}
    cpu: [x64]
    os: [freebsd]
    requiresBuild: true
    dev: false
    optional: true

  /@esbuild/linux-arm64@0.17.19:
    resolution: {integrity: sha512-ct1Tg3WGwd3P+oZYqic+YZF4snNl2bsnMKRkb3ozHmnM0dGWuxcPTTntAF6bOP0Sp4x0PjSF+4uHQ1xvxfRKqg==}
    engines: {node: '>=12'}
    cpu: [arm64]
    os: [linux]
    requiresBuild: true
    dev: false
    optional: true

  /@esbuild/linux-arm@0.17.19:
    resolution: {integrity: sha512-cdmT3KxjlOQ/gZ2cjfrQOtmhG4HJs6hhvm3mWSRDPtZ/lP5oe8FWceS10JaSJC13GBd4eH/haHnqf7hhGNLerA==}
    engines: {node: '>=12'}
    cpu: [arm]
    os: [linux]
    requiresBuild: true
    dev: false
    optional: true

  /@esbuild/linux-ia32@0.17.19:
    resolution: {integrity: sha512-w4IRhSy1VbsNxHRQpeGCHEmibqdTUx61Vc38APcsRbuVgK0OPEnQ0YD39Brymn96mOx48Y2laBQGqgZ0j9w6SQ==}
    engines: {node: '>=12'}
    cpu: [ia32]
    os: [linux]
    requiresBuild: true
    dev: false
    optional: true

  /@esbuild/linux-loong64@0.17.19:
    resolution: {integrity: sha512-2iAngUbBPMq439a+z//gE+9WBldoMp1s5GWsUSgqHLzLJ9WoZLZhpwWuym0u0u/4XmZ3gpHmzV84PonE+9IIdQ==}
    engines: {node: '>=12'}
    cpu: [loong64]
    os: [linux]
    requiresBuild: true
    dev: false
    optional: true

  /@esbuild/linux-mips64el@0.17.19:
    resolution: {integrity: sha512-LKJltc4LVdMKHsrFe4MGNPp0hqDFA1Wpt3jE1gEyM3nKUvOiO//9PheZZHfYRfYl6AwdTH4aTcXSqBerX0ml4A==}
    engines: {node: '>=12'}
    cpu: [mips64el]
    os: [linux]
    requiresBuild: true
    dev: false
    optional: true

  /@esbuild/linux-ppc64@0.17.19:
    resolution: {integrity: sha512-/c/DGybs95WXNS8y3Ti/ytqETiW7EU44MEKuCAcpPto3YjQbyK3IQVKfF6nbghD7EcLUGl0NbiL5Rt5DMhn5tg==}
    engines: {node: '>=12'}
    cpu: [ppc64]
    os: [linux]
    requiresBuild: true
    dev: false
    optional: true

  /@esbuild/linux-riscv64@0.17.19:
    resolution: {integrity: sha512-FC3nUAWhvFoutlhAkgHf8f5HwFWUL6bYdvLc/TTuxKlvLi3+pPzdZiFKSWz/PF30TB1K19SuCxDTI5KcqASJqA==}
    engines: {node: '>=12'}
    cpu: [riscv64]
    os: [linux]
    requiresBuild: true
    dev: false
    optional: true

  /@esbuild/linux-s390x@0.17.19:
    resolution: {integrity: sha512-IbFsFbxMWLuKEbH+7sTkKzL6NJmG2vRyy6K7JJo55w+8xDk7RElYn6xvXtDW8HCfoKBFK69f3pgBJSUSQPr+4Q==}
    engines: {node: '>=12'}
    cpu: [s390x]
    os: [linux]
    requiresBuild: true
    dev: false
    optional: true

  /@esbuild/linux-x64@0.17.19:
    resolution: {integrity: sha512-68ngA9lg2H6zkZcyp22tsVt38mlhWde8l3eJLWkyLrp4HwMUr3c1s/M2t7+kHIhvMjglIBrFpncX1SzMckomGw==}
    engines: {node: '>=12'}
    cpu: [x64]
    os: [linux]
    requiresBuild: true
    dev: false
    optional: true

  /@esbuild/netbsd-x64@0.17.19:
    resolution: {integrity: sha512-CwFq42rXCR8TYIjIfpXCbRX0rp1jo6cPIUPSaWwzbVI4aOfX96OXY8M6KNmtPcg7QjYeDmN+DD0Wp3LaBOLf4Q==}
    engines: {node: '>=12'}
    cpu: [x64]
    os: [netbsd]
    requiresBuild: true
    dev: false
    optional: true

  /@esbuild/openbsd-x64@0.17.19:
    resolution: {integrity: sha512-cnq5brJYrSZ2CF6c35eCmviIN3k3RczmHz8eYaVlNasVqsNY+JKohZU5MKmaOI+KkllCdzOKKdPs762VCPC20g==}
    engines: {node: '>=12'}
    cpu: [x64]
    os: [openbsd]
    requiresBuild: true
    dev: false
    optional: true

  /@esbuild/sunos-x64@0.17.19:
    resolution: {integrity: sha512-vCRT7yP3zX+bKWFeP/zdS6SqdWB8OIpaRq/mbXQxTGHnIxspRtigpkUcDMlSCOejlHowLqII7K2JKevwyRP2rg==}
    engines: {node: '>=12'}
    cpu: [x64]
    os: [sunos]
    requiresBuild: true
    dev: false
    optional: true

  /@esbuild/win32-arm64@0.17.19:
    resolution: {integrity: sha512-yYx+8jwowUstVdorcMdNlzklLYhPxjniHWFKgRqH7IFlUEa0Umu3KuYplf1HUZZ422e3NU9F4LGb+4O0Kdcaag==}
    engines: {node: '>=12'}
    cpu: [arm64]
    os: [win32]
    requiresBuild: true
    dev: false
    optional: true

  /@esbuild/win32-ia32@0.17.19:
    resolution: {integrity: sha512-eggDKanJszUtCdlVs0RB+h35wNlb5v4TWEkq4vZcmVt5u/HiDZrTXe2bWFQUez3RgNHwx/x4sk5++4NSSicKkw==}
    engines: {node: '>=12'}
    cpu: [ia32]
    os: [win32]
    requiresBuild: true
    dev: false
    optional: true

  /@esbuild/win32-x64@0.17.19:
    resolution: {integrity: sha512-lAhycmKnVOuRYNtRtatQR1LPQf2oYCkRGkSFnseDAKPl8lu5SOsK/e1sXe5a0Pc5kHIHe6P2I/ilntNv2xf3cA==}
    engines: {node: '>=12'}
    cpu: [x64]
    os: [win32]
    requiresBuild: true
    dev: false
    optional: true

  /@types/node@20.4.1:
    resolution: {integrity: sha512-JIzsAvJeA/5iY6Y/OxZbv1lUcc8dNSE77lb2gnBH+/PJ3lFR1Ccvgwl5JWnHAkNHcRsT0TbpVOsiMKZ1F/yyJg==}
    dev: false

  /@types/readable-stream@2.3.15:
    resolution: {integrity: sha512-oM5JSKQCcICF1wvGgmecmHldZ48OZamtMxcGGVICOJA8o8cahXC1zEVAif8iwoc5j8etxFaRFnf095+CDsuoFQ==}
    dependencies:
      '@types/node': 20.4.1
      safe-buffer: 5.1.2
    dev: false

  /@xboxreplay/errors@0.1.0:
    resolution: {integrity: sha512-Tgz1d/OIPDWPeyOvuL5+aai5VCcqObhPnlI3skQuf80GVF3k1I0lPCnGC+8Cm5PV9aLBT5m8qPcJoIUQ2U4y9g==}
    dev: false

  /@xboxreplay/xboxlive-auth@3.3.3(debug@4.3.4):
    resolution: {integrity: sha512-j0AU8pW10LM8O68CTZ5QHnvOjSsnPICy0oQcP7zyM7eWkDQ/InkiQiirQKsPn1XRYDl4ccNu0WM582s3UKwcBg==}
    dependencies:
      '@xboxreplay/errors': 0.1.0
      axios: 0.21.4(debug@4.3.4)
    transitivePeerDependencies:
      - debug
    dev: false

  /abort-controller@3.0.0:
    resolution: {integrity: sha512-h8lQ8tacZYnR3vNQTgibj+tODHI5/+l06Au2Pcriv/Gmet0eaj4TwWH41sO9wnHDiQsEj19q0drzdWdeAHtweg==}
    engines: {node: '>=6.5'}
    dependencies:
      event-target-shim: 5.0.1
    dev: false

  /aes-js@3.1.2:
    resolution: {integrity: sha512-e5pEa2kBnBOgR4Y/p20pskXI74UEz7de8ZGVo58asOtvSVG5YAbJeELPZxOmt+Bnz3rX753YKhfIn4X4l1PPRQ==}
    dev: false

  /ajv@6.12.6:
    resolution: {integrity: sha512-j3fVLgvTo527anyYyJOGTYJbG+vnnQYvE0m5mmkc1TK+nxAppkCLMIL0aZ4dblVCNoGShhm+kzE4ZUykBoMg4g==}
    dependencies:
      fast-deep-equal: 3.1.3
      fast-json-stable-stringify: 2.1.0
      json-schema-traverse: 0.4.1
      uri-js: 4.4.1
    dev: false

  /asn1@0.2.3:
    resolution: {integrity: sha512-6i37w/+EhlWlGUJff3T/Q8u1RGmP5wgbiwYnOnbOqvtrPxT63/sYFyP9RcpxtxGymtfA075IvmOnL7ycNOWl3w==}
    dev: false

  /axios@0.21.4(debug@4.3.4):
    resolution: {integrity: sha512-ut5vewkiu8jjGBdqpM44XxjuCjq9LAKeHVmoVfHVzy8eHgxxq8SbAVQNovDA8mVi05kP0Ea/n/UzcSHcTJQfNg==}
    dependencies:
      follow-redirects: 1.15.2(debug@4.3.4)
    transitivePeerDependencies:
      - debug
    dev: false

  /base64-js@1.5.1:
    resolution: {integrity: sha512-AKpaYlHn8t4SVbOHCy+b5+KKgvR4vrsD8vbvrbiQJps7fKDTkjkDry6ji0rUJjC0kzbNePLwzxq8iypo41qeWA==}
    dev: false

  /buffer-equal-constant-time@1.0.1:
    resolution: {integrity: sha512-zRpUiDwd/xk6ADqPMATG8vc9VPrkck7T07OIx0gnjmJAnHnTVXNQG3vfvWNuiZIkwu9KrKdA1iJKfsfTVxE6NA==}
    dev: false

  /buffer-equal@1.0.1:
    resolution: {integrity: sha512-QoV3ptgEaQpvVwbXdSO39iqPQTCxSF7A5U99AxbHYqUdCizL/lH2Z0A2y6nbZucxMEOtNyZfG2s6gsVugGpKkg==}
    engines: {node: '>=0.4'}
    dev: false

  /buffer-from@1.1.2:
    resolution: {integrity: sha512-E+XQCRwSbaaiChtv6k6Dwgc+bx+Bs6vuKJHHl5kox/BaKbhiXzqQOwK4cO22yElGp2OCmjwVhT3HmxgyPGnJfQ==}
    dev: false

  /buffer@6.0.3:
    resolution: {integrity: sha512-FTiCpNxtwiZZHEZbcbTIcZjERVICn9yq/pDFkTl95/AxzD1naBctN7YO68riM/gLSDY7sdrMby8hofADYuuqOA==}
    dependencies:
      base64-js: 1.5.1
      ieee754: 1.2.1
    dev: false

  /commander@2.20.3:
    resolution: {integrity: sha512-GpVkmM8vF2vQUkj2LvZmD35JxeJOLCwJ9cUkugyk2nuhbv3+mJvpLYYt+0+USMxE+oj+ey/lJEnhZw75x/OMcQ==}
    dev: false

  /debug@4.3.4:
    resolution: {integrity: sha512-PRWFHuSU3eDtQJPvnNY7Jcket1j0t5OuOsFzPPzsekD52Zl8qUfFIPEiswXqIvHWGVHOgX+7G/vCNNhehwxfkQ==}
    engines: {node: '>=6.0'}
    peerDependencies:
      supports-color: '*'
    peerDependenciesMeta:
      supports-color:
        optional: true
    dependencies:
      ms: 2.1.2
    dev: false

  /discontinuous-range@1.0.0:
    resolution: {integrity: sha512-c68LpLbO+7kP/b1Hr1qs8/BJ09F5khZGTxqxZuhzxpmwJKOgRFHJWIb9/KmqnqHhLdO55aOxFH/EGBvUQbL/RQ==}
    dev: false

  /ecdsa-sig-formatter@1.0.11:
    resolution: {integrity: sha512-nagl3RYrbNv6kQkeJIpt6NJZy8twLB/2vtz6yN9Z4vRKHN4/QZJIEbqohALSgwKdnksuY3k5Addp5lg8sVoVcQ==}
    dependencies:
      safe-buffer: 5.2.1
    dev: false

  /endian-toggle@0.0.0:
    resolution: {integrity: sha512-ShfqhXeHRE4TmggSlHXG8CMGIcsOsqDw/GcoPcosToE59Rm9e4aXaMhEQf2kPBsBRrKem1bbOAv5gOKnkliMFQ==}
    dev: false

  /esbuild@0.17.19:
    resolution: {integrity: sha512-XQ0jAPFkK/u3LcVRcvVHQcTIqD6E2H1fvZMA5dQPSOWb3suUbWbfbRf94pjc0bNzRYLfIrDRQXr7X+LHIm5oHw==}
    engines: {node: '>=12'}
    hasBin: true
    requiresBuild: true
    optionalDependencies:
      '@esbuild/android-arm': 0.17.19
      '@esbuild/android-arm64': 0.17.19
      '@esbuild/android-x64': 0.17.19
      '@esbuild/darwin-arm64': 0.17.19
      '@esbuild/darwin-x64': 0.17.19
      '@esbuild/freebsd-arm64': 0.17.19
      '@esbuild/freebsd-x64': 0.17.19
      '@esbuild/linux-arm': 0.17.19
      '@esbuild/linux-arm64': 0.17.19
      '@esbuild/linux-ia32': 0.17.19
      '@esbuild/linux-loong64': 0.17.19
      '@esbuild/linux-mips64el': 0.17.19
      '@esbuild/linux-ppc64': 0.17.19
      '@esbuild/linux-riscv64': 0.17.19
      '@esbuild/linux-s390x': 0.17.19
      '@esbuild/linux-x64': 0.17.19
      '@esbuild/netbsd-x64': 0.17.19
      '@esbuild/openbsd-x64': 0.17.19
      '@esbuild/sunos-x64': 0.17.19
      '@esbuild/win32-arm64': 0.17.19
      '@esbuild/win32-ia32': 0.17.19
      '@esbuild/win32-x64': 0.17.19
    dev: false

  /event-target-shim@5.0.1:
    resolution: {integrity: sha512-i/2XbnSz/uxRCU6+NdVJgKWDTM427+MqYbkQzD321DuCQJUqOuJKIA0IM2+W2xtYHdKOmZ4dR6fExsd4SXL+WQ==}
    engines: {node: '>=6'}
    dev: false

  /events@3.3.0:
    resolution: {integrity: sha512-mQw+2fkQbALzQ7V0MY0IqdnXNOeTtP4r0lN9z7AAawCXgqea7bDii20AYrIBrFd/Hx0M2Ocz6S111CaFkUcb0Q==}
    engines: {node: '>=0.8.x'}
    dev: false

  /fast-deep-equal@3.1.3:
    resolution: {integrity: sha512-f3qQ9oQy9j2AhBe/H9VC91wLmKBCCU/gDOnKNAYG5hswO7BLKj09Hc5HYNz9cGI++xlpDCIgDaitVs03ATR84Q==}
    dev: false

  /fast-json-stable-stringify@2.1.0:
    resolution: {integrity: sha512-lhd/wF+Lk98HZoTCtlVraHtfh5XYijIjalXck7saUtuanSDyLMxnHhSXEDJqHxD7msR8D0uCmqlkwjCV8xvwHw==}
    dev: false

  /follow-redirects@1.15.2(debug@4.3.4):
    resolution: {integrity: sha512-VQLG33o04KaQ8uYi2tVNbdrWp1QWxNNea+nmIB4EVM28v0hmP17z7aG1+wAkNzVq4KeXTq3221ye5qTJP91JwA==}
    engines: {node: '>=4.0'}
    peerDependencies:
      debug: '*'
    peerDependenciesMeta:
      debug:
        optional: true
    dependencies:
      debug: 4.3.4
    dev: false

  /fsevents@2.3.2:
    resolution: {integrity: sha512-xiqMQR4xAeHTuB9uWm+fFRcIOgKBMiOBP+eXiyT7jsgVCq1bkVygt00oASowB7EdtpOHaaPgKt812P9ab+DDKA==}
    engines: {node: ^8.16.0 || ^10.6.0 || >=11.0.0}
    os: [darwin]
    requiresBuild: true
    dev: false
    optional: true

  /get-tsconfig@4.6.2:
    resolution: {integrity: sha512-E5XrT4CbbXcXWy+1jChlZmrmCwd5KGx502kDCXJJ7y898TtWW9FwoG5HfOLVRKmlmDGkWN2HM9Ho+/Y8F0sJDg==}
    dependencies:
      resolve-pkg-maps: 1.0.0
    dev: false

  /ieee754@1.2.1:
    resolution: {integrity: sha512-dcyqhDvX1C46lXZcVqCpK+FtMRQVdIMN6/Df5js2zouUsqG7I6sFxitIC+7KYK29KdXOLHdu9zL4sFnoVQnqaA==}
    dev: false

  /inherits@2.0.4:
    resolution: {integrity: sha512-k/vGaX4/Yla3WzyMCvTQOXYeIHvqOKtnqBduzTHpzpQZzAskKMhZ2K+EnBiSM9zGSoIFeMpXKxa4dYeZIQqewQ==}
    dev: false

  /jose@4.14.4:
    resolution: {integrity: sha512-j8GhLiKmUAh+dsFXlX1aJCbt5KMibuKb+d7j1JaOJG6s2UjX1PQlW+OKB/sD4a/5ZYF4RcmYmLSndOoU3Lt/3g==}
    dev: false

  /json-schema-traverse@0.4.1:
    resolution: {integrity: sha512-xbbCH5dCYU5T8LcEhhuh7HJ88HXuW3qsI3Y0zOZFKfZEHcpWiHU/Jxzk629Brsab/mMiHQti9wMP+845RPe3Vg==}
    dev: false

  /jsonwebtoken@9.0.1:
    resolution: {integrity: sha512-K8wx7eJ5TPvEjuiVSkv167EVboBDv9PZdDoF7BgeQnBLVvZWW9clr2PsQHVJDTKaEIH5JBIwHujGcHp7GgI2eg==}
    engines: {node: '>=12', npm: '>=6'}
    dependencies:
      jws: 3.2.2
      lodash: 4.17.21
      ms: 2.1.3
      semver: 7.5.3
    dev: false

  /jwa@1.4.1:
    resolution: {integrity: sha512-qiLX/xhEEFKUAJ6FiBMbes3w9ATzyk5W7Hvzpa/SLYdxNtng+gcurvrI7TbACjIXlsJyr05/S1oUhZrc63evQA==}
    dependencies:
      buffer-equal-constant-time: 1.0.1
      ecdsa-sig-formatter: 1.0.11
      safe-buffer: 5.2.1
    dev: false

  /jws@3.2.2:
    resolution: {integrity: sha512-YHlZCB6lMTllWDtSPHz/ZXTsi8S00usEV6v1tjq8tOUZzw7DpSDWVXjXDre6ed1w/pd495ODpHZYSdkRTsa0HA==}
    dependencies:
      jwa: 1.4.1
      safe-buffer: 5.2.1
    dev: false

  /lodash.get@4.4.2:
    resolution: {integrity: sha512-z+Uw/vLuy6gQe8cfaFWD7p0wVv8fJl3mbzXh33RS+0oW2wvUqiRXiQ69gLWSLpgB5/6sU+r6BlQR0MBILadqTQ==}
    dev: false

  /lodash.merge@4.6.2:
    resolution: {integrity: sha512-0KpjqXRVvrYyCsX1swR/XTK0va6VQkQM6MNo7PqW77ByjAhoARA8EfrP1N4+KlKj8YS0ZUCtRT/YUuhyYDujIQ==}
    dev: false

  /lodash.reduce@4.6.0:
    resolution: {integrity: sha512-6raRe2vxCYBhpBu+B+TtNGUzah+hQjVdu3E17wfusjyrXBka2nBS8OH/gjVZ5PvHOhWmIZTYri09Z6n/QfnNMw==}
    dev: false

  /lodash@4.17.21:
    resolution: {integrity: sha512-v2kDEe57lecTulaDIuNTPy3Ry4gLGJ6Z1O3vE1krgXZNrsQ+LFTGHVxVjcXPs17LhbZVGedAJv8XZ1tvj5FvSg==}
    dev: false

  /lru-cache@6.0.0:
    resolution: {integrity: sha512-Jo6dJ04CmSjuznwJSS3pUeWmd/H0ffTlkXXgwZi+eq1UCmqQwCh+eLsYOYCwY991i2Fah4h1BEMCx4qThGbsiA==}
    engines: {node: '>=10'}
    dependencies:
      yallist: 4.0.0
    dev: false

  /macaddress@0.5.3:
    resolution: {integrity: sha512-vGBKTA+jwM4KgjGZ+S/8/Mkj9rWzePyGY6jManXPGhiWu63RYwW8dKPyk5koP+8qNVhPhHgFa1y/MJ4wrjsNrg==}
    dev: false

  /minecraft-data@3.39.0:
    resolution: {integrity: sha512-Cq+XS/bKs0VUPtp/J/Jow4v66527VFxFcuY0Q01/Amq+yzLnUHsYX8jzJE2LPe6Dp/MxjBnZGq+PnfUGmcEngw==}
    dev: false

  /minecraft-folder-path@1.2.0:
    resolution: {integrity: sha512-qaUSbKWoOsH9brn0JQuBhxNAzTDMwrOXorwuRxdJKKKDYvZhtml+6GVCUrY5HRiEsieBEjCUnhVpDuQiKsiFaw==}
    dev: false

  /minecraft-protocol@1.43.1:
    resolution: {integrity: sha512-/tcC5Ai7/voCgOLVNaYwwAC89Vx7hkmlDkuL7zrelkcFWPMzFb3U8kdDUXRpPraNz6+ltKKSLolysAeYbmX00A==}
    engines: {node: '>=14'}
    dependencies:
      '@types/readable-stream': 2.3.15
      aes-js: 3.1.2
      buffer-equal: 1.0.1
      debug: 4.3.4
      endian-toggle: 0.0.0
      lodash.get: 4.4.2
      lodash.merge: 4.6.2
      minecraft-data: 3.39.0
      minecraft-folder-path: 1.2.0
      node-fetch: 2.6.12
      node-rsa: 0.4.2
      prismarine-auth: 2.2.0
      prismarine-nbt: 2.2.1
      prismarine-realms: 1.3.2
      protodef: 1.15.0
      readable-stream: 4.4.2
      uuid-1345: 1.0.2
      yggdrasil: 1.7.0
    transitivePeerDependencies:
      - encoding
      - supports-color
    dev: false

  /mineflayer@4.10.0:
    resolution: {integrity: sha512-nE1+J0rT9h6qXDYwiLcHbVrvnBz75Up0txENrQ9gE02LYM1j/c2+MoDSU9sG1PwZpA9iZ+a2n8iizbuJZE5lDg==}
    engines: {node: '>=14'}
    dependencies:
      minecraft-data: 3.39.0
      minecraft-protocol: 1.43.1
      prismarine-biome: 1.3.0(minecraft-data@3.39.0)(prismarine-registry@1.7.0)
      prismarine-block: 1.17.0
      prismarine-chat: 1.8.0
      prismarine-chunk: 1.34.0(minecraft-data@3.39.0)
      prismarine-entity: 2.2.0
      prismarine-item: 1.12.3
      prismarine-nbt: 2.2.1
      prismarine-physics: 1.7.0
      prismarine-recipe: 1.3.1(prismarine-registry@1.7.0)
      prismarine-registry: 1.7.0
      prismarine-windows: 2.6.1
      prismarine-world: 3.6.2
      protodef: 1.15.0
      typed-emitter: 1.4.0
      vec3: 0.1.8
    transitivePeerDependencies:
      - encoding
      - supports-color
    dev: false

  /mojangson@2.0.4:
    resolution: {integrity: sha512-HYmhgDjr1gzF7trGgvcC/huIg2L8FsVbi/KacRe6r1AswbboGVZDS47SOZlomPuMWvZLas8m9vuHHucdZMwTmQ==}
    dependencies:
      nearley: 2.20.1
    dev: false

  /moo@0.5.2:
    resolution: {integrity: sha512-iSAJLHYKnX41mKcJKjqvnAN9sf0LMDTXDEvFv+ffuRR9a1MIuXLjMNL6EsnDHSkKLTWNqQQ5uo61P4EbU4NU+Q==}
    dev: false

  /ms@2.1.2:
    resolution: {integrity: sha512-sGkPx+VjMtmA6MX27oA4FBFELFCZZ4S4XqeGOXCv68tT+jb3vk/RyaKWP0PTKyWtmLSM0b+adUTEvbs1PEaH2w==}
    dev: false

  /ms@2.1.3:
    resolution: {integrity: sha512-6FlzubTLZG3J2a/NVCAleEhjzq5oxgHyaCU9yYXvcLsvoVaHJq/s5xXI6/XXP6tz7R9xAOtHnSO/tXtF3WRTlA==}
    dev: false

  /nearley@2.20.1:
    resolution: {integrity: sha512-+Mc8UaAebFzgV+KpI5n7DasuuQCHA89dmwm7JXw3TV43ukfNQ9DnBH3Mdb2g/I4Fdxc26pwimBWvjIw0UAILSQ==}
    hasBin: true
    dependencies:
      commander: 2.20.3
      moo: 0.5.2
      railroad-diagrams: 1.0.0
      randexp: 0.4.6
    dev: false

  /node-fetch@2.6.12:
    resolution: {integrity: sha512-C/fGU2E8ToujUivIO0H+tpQ6HWo4eEmchoPIoXtxCrVghxdKq+QOHqEZW7tuP3KlV3bC8FRMO5nMCC7Zm1VP6g==}
    engines: {node: 4.x || >=6.0.0}
    peerDependencies:
      encoding: ^0.1.0
    peerDependenciesMeta:
      encoding:
        optional: true
    dependencies:
      whatwg-url: 5.0.0
    dev: false

  /node-rsa@0.4.2:
    resolution: {integrity: sha512-Bvso6Zi9LY4otIZefYrscsUpo2mUpiAVIEmSZV2q41sP8tHZoert3Yu6zv4f/RXJqMNZQKCtnhDugIuCma23YA==}
    dependencies:
      asn1: 0.2.3
    dev: false

  /prismarine-auth@2.2.0:
    resolution: {integrity: sha512-3XfR3bqrd7nrTVyEqMwuYRr+/Vy+hkfBplubSDuoRAcRCs90lDx7R4EG3fjMSoKY53RLTXjeFnsB6m1krhL/2A==}
    dependencies:
      '@azure/msal-node': 1.18.0
      '@xboxreplay/xboxlive-auth': 3.3.3(debug@4.3.4)
      debug: 4.3.4
      jose: 4.14.4
      node-fetch: 2.6.12
      smart-buffer: 4.2.0
      uuid-1345: 1.0.2
    transitivePeerDependencies:
      - encoding
      - supports-color
    dev: false

  /prismarine-biome@1.3.0(minecraft-data@3.39.0)(prismarine-registry@1.7.0):
    resolution: {integrity: sha512-GY6nZxq93mTErT7jD7jt8YS1aPrOakbJHh39seYsJFXvueIOdHAmW16kYQVrTVMW5MlWLQVxV/EquRwOgr4MnQ==}
    peerDependencies:
      minecraft-data: ^3.0.0
      prismarine-registry: ^1.1.0
    dependencies:
      minecraft-data: 3.39.0
      prismarine-registry: 1.7.0
    dev: false

  /prismarine-block@1.17.0:
    resolution: {integrity: sha512-GawzWU91pH4sLTtMvrRe2wiEbO8hgTRwViCBYoFmmqeJYLiblq4GfXOvclj3rEAEdAAVzRKCQxQHpLJhhLWssg==}
    dependencies:
      minecraft-data: 3.39.0
      prismarine-biome: 1.3.0(minecraft-data@3.39.0)(prismarine-registry@1.7.0)
      prismarine-chat: 1.8.0
      prismarine-item: 1.12.3
      prismarine-nbt: 2.2.1
      prismarine-registry: 1.7.0
    dev: false

  /prismarine-chat@1.8.0:
    resolution: {integrity: sha512-hEz47GESIEP0W1KSHrK7ZSy0PqbQW7khYWenv8d5wvyAYnBs1E4KXDBJSWqyGIYinKGN9aes8v3xpQhgURK/Fg==}
    dependencies:
      mojangson: 2.0.4
      prismarine-item: 1.12.3
      prismarine-nbt: 2.2.1
      prismarine-registry: 1.7.0
    dev: false

  /prismarine-chunk@1.34.0(minecraft-data@3.39.0):
    resolution: {integrity: sha512-5RuQk8w9Ot550G5mmUFZvjpHugEXozgEFXiAhynrBCHOKJ3mMQ7VvhWF2irtjx+d2t29yDAiSEiSS34vxAmODQ==}
    engines: {node: '>=14'}
    dependencies:
      prismarine-biome: 1.3.0(minecraft-data@3.39.0)(prismarine-registry@1.7.0)
      prismarine-block: 1.17.0
      prismarine-nbt: 2.2.1
      prismarine-registry: 1.7.0
      smart-buffer: 4.2.0
      uint4: 0.1.2
      vec3: 0.1.8
      xxhash-wasm: 0.4.2
    transitivePeerDependencies:
      - minecraft-data
    dev: false

  /prismarine-entity@2.2.0:
    resolution: {integrity: sha512-boqJbMpGHG2ddFUUo9aKkKPUHQbFMWkUCw8SRdZ+jrZxABsstL9619I8ujwPYoOMJjMyfYWgdEPNyHGiUqqukA==}
    dependencies:
      minecraft-data: 3.39.0
      prismarine-chat: 1.8.0
      prismarine-item: 1.12.3
      prismarine-registry: 1.7.0
      vec3: 0.1.8
    dev: false

  /prismarine-item@1.12.3:
    resolution: {integrity: sha512-CWVgmvT0RpxJkJTb7cZYTGtIk1Fs4/RHXkNFZh3TGJjMHF7xyp5PFZQSLcOqG3jtbKIRNt0Cc9gV6HjGC7eDIA==}
    dependencies:
      prismarine-nbt: 2.2.1
      prismarine-registry: 1.7.0
    dev: false

  /prismarine-nbt@2.2.1:
    resolution: {integrity: sha512-Mb50c58CPnuZ+qvM31DBa08tf9UumlTq1LkvpMoUpKfCuN05GZHTqCUwER3lxTSHLL0GZKghIPbYR/JQkINijQ==}
    dependencies:
      protodef: 1.15.0
    dev: false

  /prismarine-physics@1.7.0:
    resolution: {integrity: sha512-NIm13HYQU6gzWyzb64eSS2civSbnn4cmqZgX+o27TWZMdqJEqmwPZaHSo9rHhPT96c3ZodelRE4qGIEE7q4gow==}
    dependencies:
      minecraft-data: 3.39.0
      prismarine-nbt: 2.2.1
      vec3: 0.1.8
    dev: false

  /prismarine-realms@1.3.2:
    resolution: {integrity: sha512-5apl9Ru8veTj5q2OozRc4GZOuSIcs3yY4UEtALiLKHstBe8bRw8vNlaz4Zla3jsQ8yP/ul1b1IJINTRbocuA6g==}
    dependencies:
      debug: 4.3.4
      node-fetch: 2.6.12
    transitivePeerDependencies:
      - encoding
      - supports-color
    dev: false

  /prismarine-recipe@1.3.1(prismarine-registry@1.7.0):
    resolution: {integrity: sha512-xfa9E9ACoaDi+YzNQ+nk8kWSIqt5vSZOOCHIT+dTXscf/dng2HaJ/59uwe1D/jvOkAd2OvM6RRJM6fFe0q/LDA==}
    peerDependencies:
      prismarine-registry: ^1.4.0
    dependencies:
      prismarine-registry: 1.7.0
    dev: false

  /prismarine-registry@1.7.0:
    resolution: {integrity: sha512-yyva0FpWI078nNeMhx8ekVza5uUTYhEv+C+ADu3wUQXiG8qhXkvrf0uzsnhTgZL8BLdsi2axgCEiKw9qSKIuxQ==}
    dependencies:
      minecraft-data: 3.39.0
      prismarine-nbt: 2.2.1
    dev: false

  /prismarine-windows@2.6.1:
    resolution: {integrity: sha512-5B8+W4Zb9MWaakd38I/WW564zEgat6bC23ftcv15yVYmHZTq8mtUfX2GsOUD3Pu/aFKarvXpyyJahFMUTUVoXg==}
    dependencies:
      prismarine-item: 1.12.3
      prismarine-registry: 1.7.0
      typed-emitter: 1.4.0
    dev: false

  /prismarine-world@3.6.2:
    resolution: {integrity: sha512-xNNo3bd8EnCMjiPbVrh3jYa1Upa8Krkb13BgO7FOOfD5ZYf+iYDZewBtDbHYWzZZB2N0JlTtimMOHRhZhDJirw==}
    engines: {node: '>=8.0.0'}
    dependencies:
      vec3: 0.1.8
    dev: false

  /process@0.11.10:
    resolution: {integrity: sha512-cdGef/drWFoydD1JsMzuFf8100nZl+GT+yacc2bEced5f9Rjk4z+WtFUTBu9PhOi9j/jfmBPu0mMEY4wIdAF8A==}
    engines: {node: '>= 0.6.0'}
    dev: false

  /protodef-validator@1.3.1:
    resolution: {integrity: sha512-lZ5FWKZYR9xOjpMw1+EfZRfCjzNRQWPq+Dk+jki47Sikl2EeWEPnTfnJERwnU/EwFq6us+0zqHHzSsmLeYX+Lg==}
    hasBin: true
    dependencies:
      ajv: 6.12.6
    dev: false

  /protodef@1.15.0:
    resolution: {integrity: sha512-bZ2Omw8dT+DACjJHLrBWZlqN4MlT9g9oSpJDdkUAJOStUzgJp+Zn42FJfPUdwutUxjaxA0PftN0PDlNa2XbneA==}
    engines: {node: '>=14'}
    dependencies:
      lodash.get: 4.4.2
      lodash.reduce: 4.6.0
      protodef-validator: 1.3.1
      readable-stream: 3.6.2
    dev: false

  /punycode@2.3.0:
    resolution: {integrity: sha512-rRV+zQD8tVFys26lAGR9WUuS4iUAngJScM+ZRSKtvl5tKeZ2t5bvdNFdNHBW9FWR4guGHlgmsZ1G7BSm2wTbuA==}
    engines: {node: '>=6'}
    dev: false

  /railroad-diagrams@1.0.0:
    resolution: {integrity: sha512-cz93DjNeLY0idrCNOH6PviZGRN9GJhsdm9hpn1YCS879fj4W+x5IFJhhkRZcwVgMmFF7R82UA/7Oh+R8lLZg6A==}
    dev: false

  /randexp@0.4.6:
    resolution: {integrity: sha512-80WNmd9DA0tmZrw9qQa62GPPWfuXJknrmVmLcxvq4uZBdYqb1wYoKTmnlGUchvVWe0XiLupYkBoXVOxz3C8DYQ==}
    engines: {node: '>=0.12'}
    dependencies:
      discontinuous-range: 1.0.0
      ret: 0.1.15
    dev: false

  /readable-stream@3.6.2:
    resolution: {integrity: sha512-9u/sniCrY3D5WdsERHzHE4G2YCXqoG5FTHUiCC4SIbr6XcLZBY05ya9EKjYek9O5xOAwjGq+1JdGBAS7Q9ScoA==}
    engines: {node: '>= 6'}
    dependencies:
      inherits: 2.0.4
      string_decoder: 1.3.0
      util-deprecate: 1.0.2
    dev: false

  /readable-stream@4.4.2:
    resolution: {integrity: sha512-Lk/fICSyIhodxy1IDK2HazkeGjSmezAWX2egdtJnYhtzKEsBPJowlI6F6LPb5tqIQILrMbx22S5o3GuJavPusA==}
    engines: {node: ^12.22.0 || ^14.17.0 || >=16.0.0}
    dependencies:
      abort-controller: 3.0.0
      buffer: 6.0.3
      events: 3.3.0
      process: 0.11.10
      string_decoder: 1.3.0
    dev: false

  /resolve-pkg-maps@1.0.0:
    resolution: {integrity: sha512-seS2Tj26TBVOC2NIc2rOe2y2ZO7efxITtLZcGSOnHHNOQ7CkiUBfw0Iw2ck6xkIhPwLhKNLS8BO+hEpngQlqzw==}
    dev: false

  /ret@0.1.15:
    resolution: {integrity: sha512-TTlYpa+OL+vMMNG24xSlQGEJ3B/RzEfUlLct7b5G/ytav+wPrplCpVMFuwzXbkecJrb6IYo1iFb0S9v37754mg==}
    engines: {node: '>=0.12'}
    dev: false

  /safe-buffer@5.1.2:
    resolution: {integrity: sha512-Gd2UZBJDkXlY7GbJxfsE8/nvKkUEU1G38c1siN6QP6a9PT9MmHB8GnpscSmMJSoF8LOIrt8ud/wPtojys4G6+g==}
    dev: false

  /safe-buffer@5.2.1:
    resolution: {integrity: sha512-rp3So07KcdmmKbGvgaNxQSJr7bGVSVk5S9Eq1F+ppbRo70+YeaDxkw5Dd8NPN+GD6bjnYm2VuPuCXmpuYvmCXQ==}
    dev: false

  /semver@7.5.3:
    resolution: {integrity: sha512-QBlUtyVk/5EeHbi7X0fw6liDZc7BBmEaSYn01fMU1OUYbf6GPsbTtd8WmnqbI20SeycoHSeiybkE/q1Q+qlThQ==}
    engines: {node: '>=10'}
    hasBin: true
    dependencies:
      lru-cache: 6.0.0
    dev: false

  /smart-buffer@4.2.0:
    resolution: {integrity: sha512-94hK0Hh8rPqQl2xXc3HsaBoOXKV20MToPkcXvwbISWLEs+64sBq5kFgn2kJDHb1Pry9yrP0dxrCI9RRci7RXKg==}
    engines: {node: '>= 6.0.0', npm: '>= 3.0.0'}
    dev: false

  /source-map-support@0.5.21:
    resolution: {integrity: sha512-uBHU3L3czsIyYXKX88fdrGovxdSCoTGDRZ6SYXtSRxLZUzHg5P/66Ht6uoUlHu9EZod+inXhKo3qQgwXUT/y1w==}
    dependencies:
      buffer-from: 1.1.2
      source-map: 0.6.1
    dev: false

  /source-map@0.6.1:
    resolution: {integrity: sha512-UjgapumWlbMhkBgzT7Ykc5YXUT46F0iKu8SGXq0bcwP5dz/h0Plj6enJqjz1Zbq2l5WaqYnrVbwWOWMyF3F47g==}
    engines: {node: '>=0.10.0'}
    dev: false

  /string_decoder@1.3.0:
    resolution: {integrity: sha512-hkRX8U1WjJFd8LsDJ2yQ/wWWxaopEsABU1XfkM8A+j0+85JAGppt16cr1Whg6KIbb4okU6Mql6BOj+uup/wKeA==}
    dependencies:
      safe-buffer: 5.2.1
    dev: false

  /tr46@0.0.3:
    resolution: {integrity: sha512-N3WMsuqV66lT30CrXNbEjx4GEwlow3v6rr4mCcv6prnfwhS01rkgyFdjPNBYd9br7LpXV1+Emh01fHnq2Gdgrw==}
    dev: false

  /tsx@3.12.7:
    resolution: {integrity: sha512-C2Ip+jPmqKd1GWVQDvz/Eyc6QJbGfE7NrR3fx5BpEHMZsEHoIxHL1j+lKdGobr8ovEyqeNkPLSKp6SCSOt7gmw==}
    hasBin: true
    dependencies:
      '@esbuild-kit/cjs-loader': 2.4.2
      '@esbuild-kit/core-utils': 3.1.0
      '@esbuild-kit/esm-loader': 2.5.5
    optionalDependencies:
      fsevents: 2.3.2
    dev: false

  /typed-emitter@1.4.0:
    resolution: {integrity: sha512-weBmoo3HhpKGgLBOYwe8EB31CzDFuaK7CCL+axXhUYhn4jo6DSkHnbefboCF5i4DQ2aMFe0C/FdTWcPdObgHyg==}
    dev: false

  /uint4@0.1.2:
    resolution: {integrity: sha512-lhEx78gdTwFWG+mt6cWAZD/R6qrIj0TTBeH5xwyuDJyswLNlGe+KVlUPQ6+mx5Ld332pS0AMUTo9hIly7YsWxQ==}
    dev: false

  /uri-js@4.4.1:
    resolution: {integrity: sha512-7rKUyy33Q1yc98pQ1DAmLtwX109F7TIfWlW1Ydo8Wl1ii1SeHieeh0HHfPeL2fMXK6z0s8ecKs9frCuLJvndBg==}
    dependencies:
      punycode: 2.3.0
    dev: false

  /util-deprecate@1.0.2:
    resolution: {integrity: sha512-EPD5q1uXyFxJpCrLnCc1nHnq3gOa6DZBocAIiI2TaSCA7VCJ1UJDMagCzIkXNsUYfD1daK//LTEQ8xiIbrHtcw==}
    dev: false

  /uuid-1345@1.0.2:
    resolution: {integrity: sha512-bA5zYZui+3nwAc0s3VdGQGBfbVsJLVX7Np7ch2aqcEWFi5lsAEcmO3+lx3djM1npgpZI8KY2FITZ2uYTnYUYyw==}
    dependencies:
      macaddress: 0.5.3
    dev: false

  /uuid@8.3.2:
    resolution: {integrity: sha512-+NYs2QeMWy+GWFOEm9xnn6HCDp0l7QBD7ml8zLUmJ+93Q5NF0NocErnwkTkXVFNiX3/fpC6afS8Dhb/gz7R7eg==}
    hasBin: true
    dev: false

  /vec3@0.1.8:
    resolution: {integrity: sha512-LfKrP625Bsg/Tj52YdYPsHmpsJuo+tc6fLxZxXjEo9k2xSspKlPvoYTHehykKhp1FvV9nm+XU3Ehej5/9tpDCg==}
    dev: false

  /webidl-conversions@3.0.1:
    resolution: {integrity: sha512-2JAn3z8AR6rjK8Sm8orRC0h/bcl/DqL7tRPdGZ4I1CjdF+EaMLmYxBHyXuKL849eucPFhvBoxMsflfOb8kxaeQ==}
    dev: false

  /whatwg-url@5.0.0:
    resolution: {integrity: sha512-saE57nupxk6v3HY35+jzBwYa0rKSy0XR8JSxZPwgLr7ys0IBzhGviA1/TUGJLmSVqs8pb9AnvICXEuOHLprYTw==}
    dependencies:
      tr46: 0.0.3
      webidl-conversions: 3.0.1
    dev: false

  /xxhash-wasm@0.4.2:
    resolution: {integrity: sha512-/eyHVRJQCirEkSZ1agRSCwriMhwlyUcFkXD5TPVSLP+IPzjsqMVzZwdoczLp1SoQU0R3dxz1RpIK+4YNQbCVOA==}
    dev: false

  /yallist@4.0.0:
    resolution: {integrity: sha512-3wdGidZyq5PB084XLES5TpOSRA3wjXAlIWMhum2kRcv/41Sn2emQ0dycQW4uZXLejwKvg6EsvbdlVL+FYEct7A==}
    dev: false

  /yggdrasil@1.7.0:
    resolution: {integrity: sha512-QBIo5fiNd7688G3FqXXYGr36uyrYzczlNuzpWFy2zL3+R+3KT2lF+wFxm51synfA3l3z6IBiGOc1/EVXWCYY1Q==}
    dependencies:
      node-fetch: 2.6.12
      uuid: 8.3.2
    transitivePeerDependencies:
      - encoding
    dev: false
